
Microsoft Visual Studio Solution File, Format Version 12.00
# Visual Studio 2017
Project("{FAE04EC0-301F-11D3-BF4B-00C04F79EFBC}") = "SUITS-telemetry", "SUITS-telemetry.csproj", "{B4637C74-4A4D-D44B-9D4A-D25300199397}"
EndProject
Project("{FAE04EC0-301F-11D3-BF4B-00C04F79EFBC}") = "SUITS-telemetry.Player", "SUITS-telemetry.Player.csproj", "{B4637C74-4A4D-D44B-9D4A-D25300199397}"
EndProject
Global
	GlobalSection(SolutionConfigurationPlatforms) = preSolution
		Debug|Any CPU = Debug|Any CPU
		Release|Any CPU = Release|Any CPU
	EndGlobalSection
	GlobalSection(ProjectConfigurationPlatforms) = postSolution
		{B4637C74-4A4D-D44B-9D4A-D25300199397}.Debug|Any CPU.ActiveCfg = Debug|Any CPU
		{B4637C74-4A4D-D44B-9D4A-D25300199397}.Debug|Any CPU.Build.0 = Debug|Any CPU
		{B4637C74-4A4D-D44B-9D4A-D25300199397}.Release|Any CPU.ActiveCfg = Release|Any CPU
		{B4637C74-4A4D-D44B-9D4A-D25300199397}.Release|Any CPU.Build.0 = Release|Any CPU
		{B4637C74-4A4D-D44B-9D4A-D25300199397}.Debug|Any CPU.ActiveCfg = Debug|Any CPU
		{B4637C74-4A4D-D44B-9D4A-D25300199397}.Debug|Any CPU.Build.0 = Debug|Any CPU
		{B4637C74-4A4D-D44B-9D4A-D25300199397}.Release|Any CPU.ActiveCfg = Release|Any CPU
		{B4637C74-4A4D-D44B-9D4A-D25300199397}.Release|Any CPU.Build.0 = Release|Any CPU
	EndGlobalSection
	GlobalSection(SolutionProperties) = preSolution
		HideSolutionNode = FALSE
	EndGlobalSection
EndGlobal
